
Microsoft Visual Studio Solution File, Format Version 12.00
# Visual Studio 15
VisualStudioVersion = 15.0.28307.106
MinimumVisualStudioVersion = 10.0.40219.1
Project("{FAE04EC0-301F-11D3-BF4B-00C04F79EFBC}") = "fasthttp", "fasthttp\fasthttp.csproj", "{120FB001-1193-42BC-924A-83664050427D}"
EndProject
Project("{FAE04EC0-301F-11D3-BF4B-00C04F79EFBC}") = "fasthttps", "fasthttps\fasthttps.csproj", "{6AC82B1F-C16B-4ADA-AB4E-B7F30FDAB6D2}"
EndProject
Project("{FAE04EC0-301F-11D3-BF4B-00C04F79EFBC}") = "parsingtest", "parsingtest\parsingtest.csproj", "{B3D734E4-8C3E-45CA-A128-5FA560082205}"
EndProject
Project("{2150E333-8FDC-42A3-9474-1A3956D46DE8}") = "Solution Items", "Solution Items", "{F950F73C-9EB4-4B12-B428-1F5911127ACA}"
	ProjectSection(SolutionItems) = preProject
		copyright-snippet.xml = copyright-snippet.xml
		README.md = README.md
	EndProjectSection
EndProject
Project("{FAE04EC0-301F-11D3-BF4B-00C04F79EFBC}") = "test-extension", "test-extension\test-extension.csproj", "{ACF21765-4FF4-44D4-AC0E-3953D0F35150}"
EndProject
Global
	GlobalSection(SolutionConfigurationPlatforms) = preSolution
		Debug|Any CPU = Debug|Any CPU
		Release|Any CPU = Release|Any CPU
	EndGlobalSection
	GlobalSection(ProjectConfigurationPlatforms) = postSolution
		{120FB001-1193-42BC-924A-83664050427D}.Debug|Any CPU.ActiveCfg = Debug|Any CPU
		{120FB001-1193-42BC-924A-83664050427D}.Debug|Any CPU.Build.0 = Debug|Any CPU
		{120FB001-1193-42BC-924A-83664050427D}.Release|Any CPU.ActiveCfg = Release|Any CPU
		{120FB001-1193-42BC-924A-83664050427D}.Release|Any CPU.Build.0 = Release|Any CPU
		{6AC82B1F-C16B-4ADA-AB4E-B7F30FDAB6D2}.Debug|Any CPU.ActiveCfg = Debug|Any CPU
		{6AC82B1F-C16B-4ADA-AB4E-B7F30FDAB6D2}.Debug|Any CPU.Build.0 = Debug|Any CPU
		{6AC82B1F-C16B-4ADA-AB4E-B7F30FDAB6D2}.Release|Any CPU.ActiveCfg = Release|Any CPU
		{6AC82B1F-C16B-4ADA-AB4E-B7F30FDAB6D2}.Release|Any CPU.Build.0 = Release|Any CPU
		{B3D734E4-8C3E-45CA-A128-5FA560082205}.Debug|Any CPU.ActiveCfg = Debug|Any CPU
		{B3D734E4-8C3E-45CA-A128-5FA560082205}.Debug|Any CPU.Build.0 = Debug|Any CPU
		{B3D734E4-8C3E-45CA-A128-5FA560082205}.Release|Any CPU.ActiveCfg = Release|Any CPU
		{B3D734E4-8C3E-45CA-A128-5FA560082205}.Release|Any CPU.Build.0 = Release|Any CPU
		{ACF21765-4FF4-44D4-AC0E-3953D0F35150}.Debug|Any CPU.ActiveCfg = Debug|Any CPU
		{ACF21765-4FF4-44D4-AC0E-3953D0F35150}.Debug|Any CPU.Build.0 = Debug|Any CPU
		{ACF21765-4FF4-44D4-AC0E-3953D0F35150}.Release|Any CPU.ActiveCfg = Release|Any CPU
		{ACF21765-4FF4-44D4-AC0E-3953D0F35150}.Release|Any CPU.Build.0 = Release|Any CPU
	EndGlobalSection
	GlobalSection(SolutionProperties) = preSolution
		HideSolutionNode = FALSE
	EndGlobalSection
	GlobalSection(ExtensibilityGlobals) = postSolution
		SolutionGuid = {FCBFC5D2-D490-400A-9612-D20AF4533928}
	EndGlobalSection
EndGlobal
